
Microsoft Visual Studio Solution File, Format Version 12.00
# Visual Studio 2012
Project("{FAE04EC0-301F-11D3-BF4B-00C04F79EFBC}") = "XamGridViewForms", "XamGridViewForms\XamGridViewForms.csproj", "{72798AA0-FC5C-4706-B63F-4A95F23A47C4}"
EndProject
Project("{FAE04EC0-301F-11D3-BF4B-00C04F79EFBC}") = "XamGridViewForms.iOS", "iOS\XamGridViewForms.iOS.csproj", "{8F26B4CA-89B8-4C8E-AD5C-CA24ED93582F}"
EndProject
Project("{FAE04EC0-301F-11D3-BF4B-00C04F79EFBC}") = "XamGridViewForms.Droid", "Droid\XamGridViewForms.Droid.csproj", "{C11EE467-A5AE-4FA3-BA35-4F179490C92D}"
EndProject
Global
	GlobalSection(SolutionConfigurationPlatforms) = preSolution
		Debug|Any CPU = Debug|Any CPU
		Release|Any CPU = Release|Any CPU
		Debug|iPhoneSimulator = Debug|iPhoneSimulator
		Release|iPhone = Release|iPhone
		Release|iPhoneSimulator = Release|iPhoneSimulator
		Debug|iPhone = Debug|iPhone
	EndGlobalSection
	GlobalSection(ProjectConfigurationPlatforms) = postSolution
		{72798AA0-FC5C-4706-B63F-4A95F23A47C4}.Debug|Any CPU.ActiveCfg = Debug|Any CPU
		{72798AA0-FC5C-4706-B63F-4A95F23A47C4}.Debug|Any CPU.Build.0 = Debug|Any CPU
		{72798AA0-FC5C-4706-B63F-4A95F23A47C4}.Release|Any CPU.ActiveCfg = Release|Any CPU
		{72798AA0-FC5C-4706-B63F-4A95F23A47C4}.Release|Any CPU.Build.0 = Release|Any CPU
		{72798AA0-FC5C-4706-B63F-4A95F23A47C4}.Debug|iPhoneSimulator.ActiveCfg = Debug|Any CPU
		{72798AA0-FC5C-4706-B63F-4A95F23A47C4}.Debug|iPhoneSimulator.Build.0 = Debug|Any CPU
		{72798AA0-FC5C-4706-B63F-4A95F23A47C4}.Release|iPhone.ActiveCfg = Release|Any CPU
		{72798AA0-FC5C-4706-B63F-4A95F23A47C4}.Release|iPhone.Build.0 = Release|Any CPU
		{72798AA0-FC5C-4706-B63F-4A95F23A47C4}.Release|iPhoneSimulator.ActiveCfg = Release|Any CPU
		{72798AA0-FC5C-4706-B63F-4A95F23A47C4}.Release|iPhoneSimulator.Build.0 = Release|Any CPU
		{72798AA0-FC5C-4706-B63F-4A95F23A47C4}.Debug|iPhone.ActiveCfg = Debug|Any CPU
		{72798AA0-FC5C-4706-B63F-4A95F23A47C4}.Debug|iPhone.Build.0 = Debug|Any CPU
		{8F26B4CA-89B8-4C8E-AD5C-CA24ED93582F}.Debug|Any CPU.ActiveCfg = Debug|iPhoneSimulator
		{8F26B4CA-89B8-4C8E-AD5C-CA24ED93582F}.Debug|Any CPU.Build.0 = Debug|iPhoneSimulator
		{8F26B4CA-89B8-4C8E-AD5C-CA24ED93582F}.Release|Any CPU.ActiveCfg = Release|iPhone
		{8F26B4CA-89B8-4C8E-AD5C-CA24ED93582F}.Release|Any CPU.Build.0 = Release|iPhone
		{8F26B4CA-89B8-4C8E-AD5C-CA24ED93582F}.Debug|iPhoneSimulator.ActiveCfg = Debug|iPhoneSimulator
		{8F26B4CA-89B8-4C8E-AD5C-CA24ED93582F}.Debug|iPhoneSimulator.Build.0 = Debug|iPhoneSimulator
		{8F26B4CA-89B8-4C8E-AD5C-CA24ED93582F}.Release|iPhone.ActiveCfg = Release|iPhone
		{8F26B4CA-89B8-4C8E-AD5C-CA24ED93582F}.Release|iPhone.Build.0 = Release|iPhone
		{8F26B4CA-89B8-4C8E-AD5C-CA24ED93582F}.Release|iPhoneSimulator.ActiveCfg = Release|iPhoneSimulator
		{8F26B4CA-89B8-4C8E-AD5C-CA24ED93582F}.Release|iPhoneSimulator.Build.0 = Release|iPhoneSimulator
		{8F26B4CA-89B8-4C8E-AD5C-CA24ED93582F}.Debug|iPhone.ActiveCfg = Debug|iPhone
		{8F26B4CA-89B8-4C8E-AD5C-CA24ED93582F}.Debug|iPhone.Build.0 = Debug|iPhone
		{C11EE467-A5AE-4FA3-BA35-4F179490C92D}.Debug|Any CPU.ActiveCfg = Debug|Any CPU
		{C11EE467-A5AE-4FA3-BA35-4F179490C92D}.Debug|Any CPU.Build.0 = Debug|Any CPU
		{C11EE467-A5AE-4FA3-BA35-4F179490C92D}.Release|Any CPU.ActiveCfg = Release|Any CPU
		{C11EE467-A5AE-4FA3-BA35-4F179490C92D}.Release|Any CPU.Build.0 = Release|Any CPU
		{C11EE467-A5AE-4FA3-BA35-4F179490C92D}.Debug|iPhoneSimulator.ActiveCfg = Debug|Any CPU
		{C11EE467-A5AE-4FA3-BA35-4F179490C92D}.Debug|iPhoneSimulator.Build.0 = Debug|Any CPU
		{C11EE467-A5AE-4FA3-BA35-4F179490C92D}.Release|iPhone.ActiveCfg = Release|Any CPU
		{C11EE467-A5AE-4FA3-BA35-4F179490C92D}.Release|iPhone.Build.0 = Release|Any CPU
		{C11EE467-A5AE-4FA3-BA35-4F179490C92D}.Release|iPhoneSimulator.ActiveCfg = Release|Any CPU
		{C11EE467-A5AE-4FA3-BA35-4F179490C92D}.Release|iPhoneSimulator.Build.0 = Release|Any CPU
		{C11EE467-A5AE-4FA3-BA35-4F179490C92D}.Debug|iPhone.ActiveCfg = Debug|Any CPU
		{C11EE467-A5AE-4FA3-BA35-4F179490C92D}.Debug|iPhone.Build.0 = Debug|Any CPU
	EndGlobalSection
EndGlobal
